
Microsoft Visual Studio Solution File, Format Version 12.00
# Visual Studio Version 16
VisualStudioVersion = 16.0.30503.244
MinimumVisualStudioVersion = 10.0.40219.1
Project("{FAE04EC0-301F-11D3-BF4B-00C04F79EFBC}") = "college", "college\college.csproj", "{66958419-6341-47EE-83E1-05735F51A184}"
EndProject
Global
	GlobalSection(SolutionConfigurationPlatforms) = preSolution
		Debug|Any CPU = Debug|Any CPU
		Release|Any CPU = Release|Any CPU
	EndGlobalSection
	GlobalSection(ProjectConfigurationPlatforms) = postSolution
		{66958419-6341-47EE-83E1-05735F51A184}.Debug|Any CPU.ActiveCfg = Debug|Any CPU
		{66958419-6341-47EE-83E1-05735F51A184}.Debug|Any CPU.Build.0 = Debug|Any CPU
		{66958419-6341-47EE-83E1-05735F51A184}.Release|Any CPU.ActiveCfg = Release|Any CPU
		{66958419-6341-47EE-83E1-05735F51A184}.Release|Any CPU.Build.0 = Release|Any CPU
	EndGlobalSection
	GlobalSection(SolutionProperties) = preSolution
		HideSolutionNode = FALSE
	EndGlobalSection
	GlobalSection(ExtensibilityGlobals) = postSolution
		SolutionGuid = {ACA1F6FA-8CCB-4C99-9A93-798E5A9C0AAE}
	EndGlobalSection
EndGlobal
